// !$*UTF8*$!
{
	archiveVersion = 1;
	classes = {
	};
	objectVersion = 46;
	objects = {

/* Begin PBXBuildFile section */
		6212EBE919C0B387006CA418 /* Foundation.framework in Frameworks */ = {isa = PBXBuildFile; fileRef = 6212EBE819C0B387006CA418 /* Foundation.framework */; };
		6212EBEB19C0B387006CA418 /* CoreGraphics.framework in Frameworks */ = {isa = PBXBuildFile; fileRef = 6212EBEA19C0B387006CA418 /* CoreGraphics.framework */; };
		6212EBED19C0B387006CA418 /* UIKit.framework in Frameworks */ = {isa = PBXBuildFile; fileRef = 6212EBEC19C0B387006CA418 /* UIKit.framework */; };
		6212EBF319C0B387006CA418 /* InfoPlist.strings in Resources */ = {isa = PBXBuildFile; fileRef = 6212EBF119C0B387006CA418 /* InfoPlist.strings */; };
		6212EBF519C0B387006CA418 /* main.m in Sources */ = {isa = PBXBuildFile; fileRef = 6212EBF419C0B387006CA418 /* main.m */; };
		6212EBF919C0B387006CA418 /* PIAppDelegate.m in Sources */ = {isa = PBXBuildFile; fileRef = 6212EBF819C0B387006CA418 /* PIAppDelegate.m */; };
		6212EBFB19C0B387006CA418 /* Images.xcassets in Resources */ = {isa = PBXBuildFile; fileRef = 6212EBFA19C0B387006CA418 /* Images.xcassets */; };
		6212EC0219C0B387006CA418 /* XCTest.framework in Frameworks */ = {isa = PBXBuildFile; fileRef = 6212EC0119C0B387006CA418 /* XCTest.framework */; };
		6212EC0319C0B387006CA418 /* Foundation.framework in Frameworks */ = {isa = PBXBuildFile; fileRef = 6212EBE819C0B387006CA418 /* Foundation.framework */; };
		6212EC0419C0B387006CA418 /* UIKit.framework in Frameworks */ = {isa = PBXBuildFile; fileRef = 6212EBEC19C0B387006CA418 /* UIKit.framework */; };
		6212EC0C19C0B387006CA418 /* InfoPlist.strings in Resources */ = {isa = PBXBuildFile; fileRef = 6212EC0A19C0B387006CA418 /* InfoPlist.strings */; };
		6212EC0E19C0B387006CA418 /* table_jsonTests.m in Sources */ = {isa = PBXBuildFile; fileRef = 6212EC0D19C0B387006CA418 /* table_jsonTests.m */; };
		6212EC1819C0B3AE006CA418 /* main.storyboard in Resources */ = {isa = PBXBuildFile; fileRef = 6212EC1719C0B3AE006CA418 /* main.storyboard */; };
		6212EC1E19C0B54D006CA418 /* PISerchViewController.m in Sources */ = {isa = PBXBuildFile; fileRef = 6212EC1D19C0B54D006CA418 /* PISerchViewController.m */; };
		6212EC2119C0B5C7006CA418 /* PIPostTableCell.m in Sources */ = {isa = PBXBuildFile; fileRef = 6212EC2019C0B5C7006CA418 /* PIPostTableCell.m */; };
		6253E78819C2078000FAE56E /* PINetImageView.m in Sources */ = {isa = PBXBuildFile; fileRef = 6253E78719C2078000FAE56E /* PINetImageView.m */; };
		62B7FF8F19C0C18B00C30257 /* PIDataProvider.m in Sources */ = {isa = PBXBuildFile; fileRef = 62B7FF8E19C0C18B00C30257 /* PIDataProvider.m */; };
		62B7FF9219C0E1D900C30257 /* PIPostItem.m in Sources */ = {isa = PBXBuildFile; fileRef = 62B7FF9119C0E1D900C30257 /* PIPostItem.m */; };
		62B7FF9519C1712A00C30257 /* PIAsyncRequest.m in Sources */ = {isa = PBXBuildFile; fileRef = 62B7FF9419C1712A00C30257 /* PIAsyncRequest.m */; };
/* End PBXBuildFile section */

/* Begin PBXContainerItemProxy section */
		6212EC0519C0B387006CA418 /* PBXContainerItemProxy */ = {
			isa = PBXContainerItemProxy;
			containerPortal = 6212EBDD19C0B387006CA418 /* Project object */;
			proxyType = 1;
			remoteGlobalIDString = 6212EBE419C0B387006CA418;
			remoteInfo = "table-json";
		};
/* End PBXContainerItemProxy section */

/* Begin PBXFileReference section */
		6212EBE519C0B387006CA418 /* table-json.app */ = {isa = PBXFileReference; explicitFileType = wrapper.application; includeInIndex = 0; path = "table-json.app"; sourceTree = BUILT_PRODUCTS_DIR; };
		6212EBE819C0B387006CA418 /* Foundation.framework */ = {isa = PBXFileReference; lastKnownFileType = wrapper.framework; name = Foundation.framework; path = System/Library/Frameworks/Foundation.framework; sourceTree = SDKROOT; };
		6212EBEA19C0B387006CA418 /* CoreGraphics.framework */ = {isa = PBXFileReference; lastKnownFileType = wrapper.framework; name = CoreGraphics.framework; path = System/Library/Frameworks/CoreGraphics.framework; sourceTree = SDKROOT; };
		6212EBEC19C0B387006CA418 /* UIKit.framework */ = {isa = PBXFileReference; lastKnownFileType = wrapper.framework; name = UIKit.framework; path = System/Library/Frameworks/UIKit.framework; sourceTree = SDKROOT; };
		6212EBF019C0B387006CA418 /* table-json-Info.plist */ = {isa = PBXFileReference; lastKnownFileType = text.plist.xml; path = "table-json-Info.plist"; sourceTree = "<group>"; };
		6212EBF219C0B387006CA418 /* en */ = {isa = PBXFileReference; lastKnownFileType = text.plist.strings; name = en; path = en.lproj/InfoPlist.strings; sourceTree = "<group>"; };
		6212EBF419C0B387006CA418 /* main.m */ = {isa = PBXFileReference; lastKnownFileType = sourcecode.c.objc; path = main.m; sourceTree = "<group>"; };
		6212EBF619C0B387006CA418 /* table-json-Prefix.pch */ = {isa = PBXFileReference; lastKnownFileType = sourcecode.c.h; path = "table-json-Prefix.pch"; sourceTree = "<group>"; };
		6212EBF719C0B387006CA418 /* PIAppDelegate.h */ = {isa = PBXFileReference; lastKnownFileType = sourcecode.c.h; path = PIAppDelegate.h; sourceTree = "<group>"; };
		6212EBF819C0B387006CA418 /* PIAppDelegate.m */ = {isa = PBXFileReference; lastKnownFileType = sourcecode.c.objc; path = PIAppDelegate.m; sourceTree = "<group>"; };
		6212EBFA19C0B387006CA418 /* Images.xcassets */ = {isa = PBXFileReference; lastKnownFileType = folder.assetcatalog; path = Images.xcassets; sourceTree = "<group>"; };
		6212EC0019C0B387006CA418 /* table-jsonTests.xctest */ = {isa = PBXFileReference; explicitFileType = wrapper.cfbundle; includeInIndex = 0; path = "table-jsonTests.xctest"; sourceTree = BUILT_PRODUCTS_DIR; };
		6212EC0119C0B387006CA418 /* XCTest.framework */ = {isa = PBXFileReference; lastKnownFileType = wrapper.framework; name = XCTest.framework; path = Library/Frameworks/XCTest.framework; sourceTree = DEVELOPER_DIR; };
		6212EC0919C0B387006CA418 /* table-jsonTests-Info.plist */ = {isa = PBXFileReference; lastKnownFileType = text.plist.xml; path = "table-jsonTests-Info.plist"; sourceTree = "<group>"; };
		6212EC0B19C0B387006CA418 /* en */ = {isa = PBXFileReference; lastKnownFileType = text.plist.strings; name = en; path = en.lproj/InfoPlist.strings; sourceTree = "<group>"; };
		6212EC0D19C0B387006CA418 /* table_jsonTests.m */ = {isa = PBXFileReference; lastKnownFileType = sourcecode.c.objc; path = table_jsonTests.m; sourceTree = "<group>"; };
		6212EC1719C0B3AE006CA418 /* main.storyboard */ = {isa = PBXFileReference; fileEncoding = 4; lastKnownFileType = file.storyboard; path = main.storyboard; sourceTree = "<group>"; };
		6212EC1C19C0B54D006CA418 /* PISerchViewController.h */ = {isa = PBXFileReference; fileEncoding = 4; lastKnownFileType = sourcecode.c.h; path = PISerchViewController.h; sourceTree = "<group>"; };
		6212EC1D19C0B54D006CA418 /* PISerchViewController.m */ = {isa = PBXFileReference; fileEncoding = 4; lastKnownFileType = sourcecode.c.objc; path = PISerchViewController.m; sourceTree = "<group>"; };
		6212EC1F19C0B5C7006CA418 /* PIPostTableCell.h */ = {isa = PBXFileReference; fileEncoding = 4; lastKnownFileType = sourcecode.c.h; path = PIPostTableCell.h; sourceTree = "<group>"; };
		6212EC2019C0B5C7006CA418 /* PIPostTableCell.m */ = {isa = PBXFileReference; fileEncoding = 4; lastKnownFileType = sourcecode.c.objc; path = PIPostTableCell.m; sourceTree = "<group>"; };
		6253E78619C2078000FAE56E /* PINetImageView.h */ = {isa = PBXFileReference; fileEncoding = 4; lastKnownFileType = sourcecode.c.h; path = PINetImageView.h; sourceTree = "<group>"; };
		6253E78719C2078000FAE56E /* PINetImageView.m */ = {isa = PBXFileReference; fileEncoding = 4; lastKnownFileType = sourcecode.c.objc; path = PINetImageView.m; sourceTree = "<group>"; };
		62B7FF8D19C0C18B00C30257 /* PIDataProvider.h */ = {isa = PBXFileReference; fileEncoding = 4; lastKnownFileType = sourcecode.c.h; path = PIDataProvider.h; sourceTree = "<group>"; };
		62B7FF8E19C0C18B00C30257 /* PIDataProvider.m */ = {isa = PBXFileReference; fileEncoding = 4; lastKnownFileType = sourcecode.c.objc; path = PIDataProvider.m; sourceTree = "<group>"; };
		62B7FF9019C0E1D900C30257 /* PIPostItem.h */ = {isa = PBXFileReference; fileEncoding = 4; lastKnownFileType = sourcecode.c.h; path = PIPostItem.h; sourceTree = "<group>"; };
		62B7FF9119C0E1D900C30257 /* PIPostItem.m */ = {isa = PBXFileReference; fileEncoding = 4; lastKnownFileType = sourcecode.c.objc; path = PIPostItem.m; sourceTree = "<group>"; };
		62B7FF9319C1712A00C30257 /* PIAsyncRequest.h */ = {isa = PBXFileReference; fileEncoding = 4; lastKnownFileType = sourcecode.c.h; path = PIAsyncRequest.h; sourceTree = "<group>"; };
		62B7FF9419C1712A00C30257 /* PIAsyncRequest.m */ = {isa = PBXFileReference; fileEncoding = 4; lastKnownFileType = sourcecode.c.objc; path = PIAsyncRequest.m; sourceTree = "<group>"; };
/* End PBXFileReference section */

/* Begin PBXFrameworksBuildPhase section */
		6212EBE219C0B387006CA418 /* Frameworks */ = {
			isa = PBXFrameworksBuildPhase;
			buildActionMask = 2147483647;
			files = (
				6212EBEB19C0B387006CA418 /* CoreGraphics.framework in Frameworks */,
				6212EBED19C0B387006CA418 /* UIKit.framework in Frameworks */,
				6212EBE919C0B387006CA418 /* Foundation.framework in Frameworks */,
			);
			runOnlyForDeploymentPostprocessing = 0;
		};
		6212EBFD19C0B387006CA418 /* Frameworks */ = {
			isa = PBXFrameworksBuildPhase;
			buildActionMask = 2147483647;
			files = (
				6212EC0219C0B387006CA418 /* XCTest.framework in Frameworks */,
				6212EC0419C0B387006CA418 /* UIKit.framework in Frameworks */,
				6212EC0319C0B387006CA418 /* Foundation.framework in Frameworks */,
			);
			runOnlyForDeploymentPostprocessing = 0;
		};
/* End PBXFrameworksBuildPhase section */

/* Begin PBXGroup section */
		6212EBDC19C0B387006CA418 = {
			isa = PBXGroup;
			children = (
				6212EBEE19C0B387006CA418 /* table-json */,
				6212EC0719C0B387006CA418 /* table-jsonTests */,
				6212EBE719C0B387006CA418 /* Frameworks */,
				6212EBE619C0B387006CA418 /* Products */,
			);
			sourceTree = "<group>";
		};
		6212EBE619C0B387006CA418 /* Products */ = {
			isa = PBXGroup;
			children = (
				6212EBE519C0B387006CA418 /* table-json.app */,
				6212EC0019C0B387006CA418 /* table-jsonTests.xctest */,
			);
			name = Products;
			sourceTree = "<group>";
		};
		6212EBE719C0B387006CA418 /* Frameworks */ = {
			isa = PBXGroup;
			children = (
				6212EBE819C0B387006CA418 /* Foundation.framework */,
				6212EBEA19C0B387006CA418 /* CoreGraphics.framework */,
				6212EBEC19C0B387006CA418 /* UIKit.framework */,
				6212EC0119C0B387006CA418 /* XCTest.framework */,
			);
			name = Frameworks;
			sourceTree = "<group>";
		};
		6212EBEE19C0B387006CA418 /* table-json */ = {
			isa = PBXGroup;
			children = (
				6212EBF719C0B387006CA418 /* PIAppDelegate.h */,
				6212EBF819C0B387006CA418 /* PIAppDelegate.m */,
				6212EBFA19C0B387006CA418 /* Images.xcassets */,
				6212EBEF19C0B387006CA418 /* Supporting Files */,
				6212EC1719C0B3AE006CA418 /* main.storyboard */,
				6253E78619C2078000FAE56E /* PINetImageView.h */,
				6253E78719C2078000FAE56E /* PINetImageView.m */,
				6212EC1F19C0B5C7006CA418 /* PIPostTableCell.h */,
				6212EC2019C0B5C7006CA418 /* PIPostTableCell.m */,
				6212EC1C19C0B54D006CA418 /* PISerchViewController.h */,
				6212EC1D19C0B54D006CA418 /* PISerchViewController.m */,
				62B7FF8D19C0C18B00C30257 /* PIDataProvider.h */,
				62B7FF8E19C0C18B00C30257 /* PIDataProvider.m */,
				62B7FF9019C0E1D900C30257 /* PIPostItem.h */,
				62B7FF9119C0E1D900C30257 /* PIPostItem.m */,
				62B7FF9319C1712A00C30257 /* PIAsyncRequest.h */,
				62B7FF9419C1712A00C30257 /* PIAsyncRequest.m */,
			);
			path = "table-json";
			sourceTree = "<group>";
		};
		6212EBEF19C0B387006CA418 /* Supporting Files */ = {
			isa = PBXGroup;
			children = (
				6212EBF019C0B387006CA418 /* table-json-Info.plist */,
				6212EBF119C0B387006CA418 /* InfoPlist.strings */,
				6212EBF419C0B387006CA418 /* main.m */,
				6212EBF619C0B387006CA418 /* table-json-Prefix.pch */,
			);
			name = "Supporting Files";
			sourceTree = "<group>";
		};
		6212EC0719C0B387006CA418 /* table-jsonTests */ = {
			isa = PBXGroup;
			children = (
				6212EC0D19C0B387006CA418 /* table_jsonTests.m */,
				6212EC0819C0B387006CA418 /* Supporting Files */,
			);
			path = "table-jsonTests";
			sourceTree = "<group>";
		};
		6212EC0819C0B387006CA418 /* Supporting Files */ = {
			isa = PBXGroup;
			children = (
				6212EC0919C0B387006CA418 /* table-jsonTests-Info.plist */,
				6212EC0A19C0B387006CA418 /* InfoPlist.strings */,
			);
			name = "Supporting Files";
			sourceTree = "<group>";
		};
/* End PBXGroup section */

/* Begin PBXNativeTarget section */
		6212EBE419C0B387006CA418 /* table-json */ = {
			isa = PBXNativeTarget;
			buildConfigurationList = 6212EC1119C0B387006CA418 /* Build configuration list for PBXNativeTarget "table-json" */;
			buildPhases = (
				6212EBE119C0B387006CA418 /* Sources */,
				6212EBE219C0B387006CA418 /* Frameworks */,
				6212EBE319C0B387006CA418 /* Resources */,
			);
			buildRules = (
			);
			dependencies = (
			);
			name = "table-json";
			productName = "table-json";
			productReference = 6212EBE519C0B387006CA418 /* table-json.app */;
			productType = "com.apple.product-type.application";
		};
		6212EBFF19C0B387006CA418 /* table-jsonTests */ = {
			isa = PBXNativeTarget;
			buildConfigurationList = 6212EC1419C0B387006CA418 /* Build configuration list for PBXNativeTarget "table-jsonTests" */;
			buildPhases = (
				6212EBFC19C0B387006CA418 /* Sources */,
				6212EBFD19C0B387006CA418 /* Frameworks */,
				6212EBFE19C0B387006CA418 /* Resources */,
			);
			buildRules = (
			);
			dependencies = (
				6212EC0619C0B387006CA418 /* PBXTargetDependency */,
			);
			name = "table-jsonTests";
			productName = "table-jsonTests";
			productReference = 6212EC0019C0B387006CA418 /* table-jsonTests.xctest */;
			productType = "com.apple.product-type.bundle.unit-test";
		};
/* End PBXNativeTarget section */

/* Begin PBXProject section */
		6212EBDD19C0B387006CA418 /* Project object */ = {
			isa = PBXProject;
			attributes = {
				CLASSPREFIX = PI;
				LastUpgradeCheck = 0510;
				ORGANIZATIONNAME = "___FULLUSERNAME___";
				TargetAttributes = {
					6212EBFF19C0B387006CA418 = {
						TestTargetID = 6212EBE419C0B387006CA418;
					};
				};
			};
			buildConfigurationList = 6212EBE019C0B387006CA418 /* Build configuration list for PBXProject "table-json" */;
			compatibilityVersion = "Xcode 3.2";
			developmentRegion = English;
			hasScannedForEncodings = 0;
			knownRegions = (
				en,
			);
			mainGroup = 6212EBDC19C0B387006CA418;
			productRefGroup = 6212EBE619C0B387006CA418 /* Products */;
			projectDirPath = "";
			projectRoot = "";
			targets = (
				6212EBE419C0B387006CA418 /* table-json */,
				6212EBFF19C0B387006CA418 /* table-jsonTests */,
			);
		};
/* End PBXProject section */

/* Begin PBXResourcesBuildPhase section */
		6212EBE319C0B387006CA418 /* Resources */ = {
			isa = PBXResourcesBuildPhase;
			buildActionMask = 2147483647;
			files = (
				6212EBF319C0B387006CA418 /* InfoPlist.strings in Resources */,
				6212EC1819C0B3AE006CA418 /* main.storyboard in Resources */,
				6212EBFB19C0B387006CA418 /* Images.xcassets in Resources */,
			);
			runOnlyForDeploymentPostprocessing = 0;
		};
		6212EBFE19C0B387006CA418 /* Resources */ = {
			isa = PBXResourcesBuildPhase;
			buildActionMask = 2147483647;
			files = (
				6212EC0C19C0B387006CA418 /* InfoPlist.strings in Resources */,
			);
			runOnlyForDeploymentPostprocessing = 0;
		};
/* End PBXResourcesBuildPhase section */

/* Begin PBXSourcesBuildPhase section */
		6212EBE119C0B387006CA418 /* Sources */ = {
			isa = PBXSourcesBuildPhase;
			buildActionMask = 2147483647;
			files = (
				62B7FF8F19C0C18B00C30257 /* PIDataProvider.m in Sources */,
				6253E78819C2078000FAE56E /* PINetImageView.m in Sources */,
				6212EBF519C0B387006CA418 /* main.m in Sources */,
				62B7FF9519C1712A00C30257 /* PIAsyncRequest.m in Sources */,
				6212EBF919C0B387006CA418 /* PIAppDelegate.m in Sources */,
				62B7FF9219C0E1D900C30257 /* PIPostItem.m in Sources */,
				6212EC1E19C0B54D006CA418 /* PISerchViewController.m in Sources */,
				6212EC2119C0B5C7006CA418 /* PIPostTableCell.m in Sources */,
			);
			runOnlyForDeploymentPostprocessing = 0;
		};
		6212EBFC19C0B387006CA418 /* Sources */ = {
			isa = PBXSourcesBuildPhase;
			buildActionMask = 2147483647;
			files = (
				6212EC0E19C0B387006CA418 /* table_jsonTests.m in Sources */,
			);
			runOnlyForDeploymentPostprocessing = 0;
		};
/* End PBXSourcesBuildPhase section */

/* Begin PBXTargetDependency section */
		6212EC0619C0B387006CA418 /* PBXTargetDependency */ = {
			isa = PBXTargetDependency;
			target = 6212EBE419C0B387006CA418 /* table-json */;
			targetProxy = 6212EC0519C0B387006CA418 /* PBXContainerItemProxy */;
		};
/* End PBXTargetDependency section */

/* Begin PBXVariantGroup section */
		6212EBF119C0B387006CA418 /* InfoPlist.strings */ = {
			isa = PBXVariantGroup;
			children = (
				6212EBF219C0B387006CA418 /* en */,
			);
			name = InfoPlist.strings;
			sourceTree = "<group>";
		};
		6212EC0A19C0B387006CA418 /* InfoPlist.strings */ = {
			isa = PBXVariantGroup;
			children = (
				6212EC0B19C0B387006CA418 /* en */,
			);
			name = InfoPlist.strings;
			sourceTree = "<group>";
		};
/* End PBXVariantGroup section */

/* Begin XCBuildConfiguration section */
		6212EC0F19C0B387006CA418 /* Debug */ = {
			isa = XCBuildConfiguration;
			buildSettings = {
				ALWAYS_SEARCH_USER_PATHS = NO;
				CLANG_CXX_LANGUAGE_STANDARD = "gnu++0x";
				CLANG_CXX_LIBRARY = "libc++";
				CLANG_ENABLE_MODULES = YES;
				CLANG_ENABLE_OBJC_ARC = YES;
				CLANG_WARN_BOOL_CONVERSION = YES;
				CLANG_WARN_CONSTANT_CONVERSION = YES;
				CLANG_WARN_DIRECT_OBJC_ISA_USAGE = YES_ERROR;
				CLANG_WARN_EMPTY_BODY = YES;
				CLANG_WARN_ENUM_CONVERSION = YES;
				CLANG_WARN_INT_CONVERSION = YES;
				CLANG_WARN_OBJC_ROOT_CLASS = YES_ERROR;
				CLANG_WARN__DUPLICATE_METHOD_MATCH = YES;
				"CODE_SIGN_IDENTITY[sdk=iphoneos*]" = "iPhone Developer";
				COPY_PHASE_STRIP = NO;
				GCC_C_LANGUAGE_STANDARD = gnu99;
				GCC_DYNAMIC_NO_PIC = NO;
				GCC_OPTIMIZATION_LEVEL = 0;
				GCC_PREPROCESSOR_DEFINITIONS = (
					"DEBUG=1",
					"$(inherited)",
				);
				GCC_SYMBOLS_PRIVATE_EXTERN = NO;
				GCC_WARN_64_TO_32_BIT_CONVERSION = YES;
				GCC_WARN_ABOUT_RETURN_TYPE = YES_ERROR;
				GCC_WARN_UNDECLARED_SELECTOR = YES;
				GCC_WARN_UNINITIALIZED_AUTOS = YES_AGGRESSIVE;
				GCC_WARN_UNUSED_FUNCTION = YES;
				GCC_WARN_UNUSED_VARIABLE = YES;
				IPHONEOS_DEPLOYMENT_TARGET = 7.1;
				ONLY_ACTIVE_ARCH = YES;
				SDKROOT = iphoneos;
			};
			name = Debug;
		};
		6212EC1019C0B387006CA418 /* Release */ = {
			isa = XCBuildConfiguration;
			buildSettings = {
				ALWAYS_SEARCH_USER_PATHS = NO;
				CLANG_CXX_LANGUAGE_STANDARD = "gnu++0x";
				CLANG_CXX_LIBRARY = "libc++";
				CLANG_ENABLE_MODULES = YES;
				CLANG_ENABLE_OBJC_ARC = YES;
				CLANG_WARN_BOOL_CONVERSION = YES;
				CLANG_WARN_CONSTANT_CONVERSION = YES;
				CLANG_WARN_DIRECT_OBJC_ISA_USAGE = YES_ERROR;
				CLANG_WARN_EMPTY_BODY = YES;
				CLANG_WARN_ENUM_CONVERSION = YES;
				CLANG_WARN_INT_CONVERSION = YES;
				CLANG_WARN_OBJC_ROOT_CLASS = YES_ERROR;
				CLANG_WARN__DUPLICATE_METHOD_MATCH = YES;
				"CODE_SIGN_IDENTITY[sdk=iphoneos*]" = "iPhone Developer";
				COPY_PHASE_STRIP = YES;
				ENABLE_NS_ASSERTIONS = NO;
				GCC_C_LANGUAGE_STANDARD = gnu99;
				GCC_WARN_64_TO_32_BIT_CONVERSION = YES;
				GCC_WARN_ABOUT_RETURN_TYPE = YES_ERROR;
				GCC_WARN_UNDECLARED_SELECTOR = YES;
				GCC_WARN_UNINITIALIZED_AUTOS = YES_AGGRESSIVE;
				GCC_WARN_UNUSED_FUNCTION = YES;
				GCC_WARN_UNUSED_VARIABLE = YES;
				IPHONEOS_DEPLOYMENT_TARGET = 7.1;
				SDKROOT = iphoneos;
				VALIDATE_PRODUCT = YES;
			};
			name = Release;
		};
		6212EC1219C0B387006CA418 /* Debug */ = {
			isa = XCBuildConfiguration;
			buildSettings = {
				ASSETCATALOG_COMPILER_APPICON_NAME = AppIcon;
				ASSETCATALOG_COMPILER_LAUNCHIMAGE_NAME = LaunchImage;
				GCC_PRECOMPILE_PREFIX_HEADER = YES;
				GCC_PREFIX_HEADER = "table-json/table-json-Prefix.pch";
				INFOPLIST_FILE = "table-json/table-json-Info.plist";
				PRODUCT_NAME = "$(TARGET_NAME)";
				WRAPPER_EXTENSION = app;
			};
			name = Debug;
		};
		6212EC1319C0B387006CA418 /* Release */ = {
			isa = XCBuildConfiguration;
			buildSettings = {
				ASSETCATALOG_COMPILER_APPICON_NAME = AppIcon;
				ASSETCATALOG_COMPILER_LAUNCHIMAGE_NAME = LaunchImage;
				GCC_PRECOMPILE_PREFIX_HEADER = YES;
				GCC_PREFIX_HEADER = "table-json/table-json-Prefix.pch";
				INFOPLIST_FILE = "table-json/table-json-Info.plist";
				PRODUCT_NAME = "$(TARGET_NAME)";
				WRAPPER_EXTENSION = app;
			};
			name = Release;
		};
		6212EC1519C0B387006CA418 /* Debug */ = {
			isa = XCBuildConfiguration;
			buildSettings = {
				BUNDLE_LOADER = "$(BUILT_PRODUCTS_DIR)/table-json.app/table-json";
				FRAMEWORK_SEARCH_PATHS = (
					"$(SDKROOT)/Developer/Library/Frameworks",
					"$(inherited)",
					"$(DEVELOPER_FRAMEWORKS_DIR)",
				);
				GCC_PRECOMPILE_PREFIX_HEADER = YES;
				GCC_PREFIX_HEADER = "table-json/table-json-Prefix.pch";
				GCC_PREPROCESSOR_DEFINITIONS = (
					"DEBUG=1",
					"$(inherited)",
				);
				INFOPLIST_FILE = "table-jsonTests/table-jsonTests-Info.plist";
				PRODUCT_NAME = "$(TARGET_NAME)";
				TEST_HOST = "$(BUNDLE_LOADER)";
				WRAPPER_EXTENSION = xctest;
			};
			name = Debug;
		};
		6212EC1619C0B387006CA418 /* Release */ = {
			isa = XCBuildConfiguration;
			buildSettings = {
				BUNDLE_LOADER = "$(BUILT_PRODUCTS_DIR)/table-json.app/table-json";
				FRAMEWORK_SEARCH_PATHS = (
					"$(SDKROOT)/Developer/Library/Frameworks",
					"$(inherited)",
					"$(DEVELOPER_FRAMEWORKS_DIR)",
				);
				GCC_PRECOMPILE_PREFIX_HEADER = YES;
				GCC_PREFIX_HEADER = "table-json/table-json-Prefix.pch";
				INFOPLIST_FILE = "table-jsonTests/table-jsonTests-Info.plist";
				PRODUCT_NAME = "$(TARGET_NAME)";
				TEST_HOST = "$(BUNDLE_LOADER)";
				WRAPPER_EXTENSION = xctest;
			};
			name = Release;
		};
/* End XCBuildConfiguration section */

/* Begin XCConfigurationList section */
		6212EBE019C0B387006CA418 /* Build configuration list for PBXProject "table-json" */ = {
			isa = XCConfigurationList;
			buildConfigurations = (
				6212EC0F19C0B387006CA418 /* Debug */,
				6212EC1019C0B387006CA418 /* Release */,
			);
			defaultConfigurationIsVisible = 0;
			defaultConfigurationName = Release;
		};
		6212EC1119C0B387006CA418 /* Build configuration list for PBXNativeTarget "table-json" */ = {
			isa = XCConfigurationList;
			buildConfigurations = (
				6212EC1219C0B387006CA418 /* Debug */,
				6212EC1319C0B387006CA418 /* Release */,
			);
			defaultConfigurationIsVisible = 0;
			defaultConfigurationName = Release;
		};
		6212EC1419C0B387006CA418 /* Build configuration list for PBXNativeTarget "table-jsonTests" */ = {
			isa = XCConfigurationList;
			buildConfigurations = (
				6212EC1519C0B387006CA418 /* Debug */,
				6212EC1619C0B387006CA418 /* Release */,
			);
			defaultConfigurationIsVisible = 0;
			defaultConfigurationName = Release;
		};
/* End XCConfigurationList section */
	};
	rootObject = 6212EBDD19C0B387006CA418 /* Project object */;
}
